
Microsoft Visual Studio Solution File, Format Version 12.00
# Visual Studio Version 17
VisualStudioVersion = 17.8.34408.163
MinimumVisualStudioVersion = 10.0.40219.1
Project("{FAE04EC0-301F-11D3-BF4B-00C04F79EFBC}") = "c_sharp_net_frmwrk_h", "c_sharp_net_frmwrk_h.csproj", "{7D58D162-FCA1-4176-A89B-F0CDF392526E}"
EndProject
Global
	GlobalSection(SolutionConfigurationPlatforms) = preSolution
		Debug|Any CPU = Debug|Any CPU
		Release|Any CPU = Release|Any CPU
	EndGlobalSection
	GlobalSection(ProjectConfigurationPlatforms) = postSolution
		{7D58D162-FCA1-4176-A89B-F0CDF392526E}.Debug|Any CPU.ActiveCfg = Debug|Any CPU
		{7D58D162-FCA1-4176-A89B-F0CDF392526E}.Debug|Any CPU.Build.0 = Debug|Any CPU
		{7D58D162-FCA1-4176-A89B-F0CDF392526E}.Release|Any CPU.ActiveCfg = Release|Any CPU
		{7D58D162-FCA1-4176-A89B-F0CDF392526E}.Release|Any CPU.Build.0 = Release|Any CPU
	EndGlobalSection
	GlobalSection(SolutionProperties) = preSolution
		HideSolutionNode = FALSE
	EndGlobalSection
	GlobalSection(ExtensibilityGlobals) = postSolution
		SolutionGuid = {306C41EF-425D-4BCD-94D6-E83ABEF972F5}
	EndGlobalSection
EndGlobal
